
Microsoft Visual Studio Solution File, Format Version 12.00
# Visual Studio 15
VisualStudioVersion = 15.0.28307.329
MinimumVisualStudioVersion = 10.0.40219.1
Project("{FAE04EC0-301F-11D3-BF4B-00C04F79EFBC}") = "DataSync", "DataSync\DataSync.csproj", "{95308DA7-E8D2-441A-B7E5-9DCCD6AB1FE6}"
EndProject
Project("{FAE04EC0-301F-11D3-BF4B-00C04F79EFBC}") = "SampleClient", "SampleClient\SampleClient.csproj", "{7E96B834-8AAC-46CB-B04C-2952B6199B1D}"
EndProject
Project("{FAE04EC0-301F-11D3-BF4B-00C04F79EFBC}") = "SampleServer", "SampleServer\SampleServer.csproj", "{6455A51C-D395-48E5-9072-45BC267577ED}"
EndProject
Global
	GlobalSection(SolutionConfigurationPlatforms) = preSolution
		Debug|Any CPU = Debug|Any CPU
		Release|Any CPU = Release|Any CPU
	EndGlobalSection
	GlobalSection(ProjectConfigurationPlatforms) = postSolution
		{95308DA7-E8D2-441A-B7E5-9DCCD6AB1FE6}.Debug|Any CPU.ActiveCfg = Debug|Any CPU
		{95308DA7-E8D2-441A-B7E5-9DCCD6AB1FE6}.Debug|Any CPU.Build.0 = Debug|Any CPU
		{95308DA7-E8D2-441A-B7E5-9DCCD6AB1FE6}.Release|Any CPU.ActiveCfg = Release|Any CPU
		{95308DA7-E8D2-441A-B7E5-9DCCD6AB1FE6}.Release|Any CPU.Build.0 = Release|Any CPU
		{7E96B834-8AAC-46CB-B04C-2952B6199B1D}.Debug|Any CPU.ActiveCfg = Debug|Any CPU
		{7E96B834-8AAC-46CB-B04C-2952B6199B1D}.Debug|Any CPU.Build.0 = Debug|Any CPU
		{7E96B834-8AAC-46CB-B04C-2952B6199B1D}.Release|Any CPU.ActiveCfg = Release|Any CPU
		{7E96B834-8AAC-46CB-B04C-2952B6199B1D}.Release|Any CPU.Build.0 = Release|Any CPU
		{6455A51C-D395-48E5-9072-45BC267577ED}.Debug|Any CPU.ActiveCfg = Debug|Any CPU
		{6455A51C-D395-48E5-9072-45BC267577ED}.Debug|Any CPU.Build.0 = Debug|Any CPU
		{6455A51C-D395-48E5-9072-45BC267577ED}.Release|Any CPU.ActiveCfg = Release|Any CPU
		{6455A51C-D395-48E5-9072-45BC267577ED}.Release|Any CPU.Build.0 = Release|Any CPU
	EndGlobalSection
	GlobalSection(SolutionProperties) = preSolution
		HideSolutionNode = FALSE
	EndGlobalSection
	GlobalSection(ExtensibilityGlobals) = postSolution
		SolutionGuid = {FF17FC0E-B96D-4FB5-BA22-0CBB89C8CAF4}
	EndGlobalSection
EndGlobal
